
Microsoft Visual Studio Solution File, Format Version 12.00
# Visual Studio 15
VisualStudioVersion = 15.0.28307.102
MinimumVisualStudioVersion = 10.0.40219.1
Project("{9A19103F-16F7-4668-BE54-9A1E7A4F7556}") = "Betty", "Betty.csproj", "{6858B8FE-8CCF-4731-9115-79270C7B2289}"
EndProject
Global
	GlobalSection(SolutionConfigurationPlatforms) = preSolution
		Debug|Any CPU = Debug|Any CPU
		Release|Any CPU = Release|Any CPU
	EndGlobalSection
	GlobalSection(ProjectConfigurationPlatforms) = postSolution
		{6858B8FE-8CCF-4731-9115-79270C7B2289}.Debug|Any CPU.ActiveCfg = Debug|Any CPU
		{6858B8FE-8CCF-4731-9115-79270C7B2289}.Debug|Any CPU.Build.0 = Debug|Any CPU
		{6858B8FE-8CCF-4731-9115-79270C7B2289}.Release|Any CPU.ActiveCfg = Release|Any CPU
		{6858B8FE-8CCF-4731-9115-79270C7B2289}.Release|Any CPU.Build.0 = Release|Any CPU
	EndGlobalSection
	GlobalSection(SolutionProperties) = preSolution
		HideSolutionNode = FALSE
	EndGlobalSection
	GlobalSection(ExtensibilityGlobals) = postSolution
		SolutionGuid = {B0CA9A7B-2387-4E30-A485-F2646D2D7C17}
	EndGlobalSection
EndGlobal
