
Microsoft Visual Studio Solution File, Format Version 12.00
# Visual Studio Version 16
VisualStudioVersion = 16.0.28729.10
MinimumVisualStudioVersion = 10.0.40219.1
Project("{9A19103F-16F7-4668-BE54-9A1E7A4F7556}") = "BettyOld", "BettyOld\BettyOld.csproj", "{6858B8FE-8CCF-4731-9115-79270C7B2289}"
EndProject
Project("{9A19103F-16F7-4668-BE54-9A1E7A4F7556}") = "Betty", "Betty\Betty.csproj", "{6DA80E30-AD1D-4FE0-98B1-00F4D5EEA049}"
EndProject
Project("{FAE04EC0-301F-11D3-BF4B-00C04F79EFBC}") = "Betty.NUnitTest", "Betty.NUnitTest\Betty.NUnitTest.csproj", "{A1FA6126-5635-4462-B0A0-9E4AAD7548A9}"
EndProject
Project("{FAE04EC0-301F-11D3-BF4B-00C04F79EFBC}") = "Betty.NUnitIntegrationTest", "Betty.NUnitIntegrationTest\Betty.NUnitIntegrationTest.csproj", "{A02A9A75-D2D8-4EB2-9665-E5D84A44F483}"
EndProject
Global
	GlobalSection(SolutionConfigurationPlatforms) = preSolution
		Debug|Any CPU = Debug|Any CPU
		Release|Any CPU = Release|Any CPU
	EndGlobalSection
	GlobalSection(ProjectConfigurationPlatforms) = postSolution
		{6858B8FE-8CCF-4731-9115-79270C7B2289}.Debug|Any CPU.ActiveCfg = Debug|Any CPU
		{6858B8FE-8CCF-4731-9115-79270C7B2289}.Debug|Any CPU.Build.0 = Debug|Any CPU
		{6858B8FE-8CCF-4731-9115-79270C7B2289}.Release|Any CPU.ActiveCfg = Release|Any CPU
		{6858B8FE-8CCF-4731-9115-79270C7B2289}.Release|Any CPU.Build.0 = Release|Any CPU
		{6DA80E30-AD1D-4FE0-98B1-00F4D5EEA049}.Debug|Any CPU.ActiveCfg = Debug|Any CPU
		{6DA80E30-AD1D-4FE0-98B1-00F4D5EEA049}.Debug|Any CPU.Build.0 = Debug|Any CPU
		{6DA80E30-AD1D-4FE0-98B1-00F4D5EEA049}.Release|Any CPU.ActiveCfg = Release|Any CPU
		{6DA80E30-AD1D-4FE0-98B1-00F4D5EEA049}.Release|Any CPU.Build.0 = Release|Any CPU
		{A1FA6126-5635-4462-B0A0-9E4AAD7548A9}.Debug|Any CPU.ActiveCfg = Debug|Any CPU
		{A1FA6126-5635-4462-B0A0-9E4AAD7548A9}.Debug|Any CPU.Build.0 = Debug|Any CPU
		{A1FA6126-5635-4462-B0A0-9E4AAD7548A9}.Release|Any CPU.ActiveCfg = Release|Any CPU
		{A1FA6126-5635-4462-B0A0-9E4AAD7548A9}.Release|Any CPU.Build.0 = Release|Any CPU
		{A02A9A75-D2D8-4EB2-9665-E5D84A44F483}.Debug|Any CPU.ActiveCfg = Debug|Any CPU
		{A02A9A75-D2D8-4EB2-9665-E5D84A44F483}.Debug|Any CPU.Build.0 = Debug|Any CPU
		{A02A9A75-D2D8-4EB2-9665-E5D84A44F483}.Release|Any CPU.ActiveCfg = Release|Any CPU
		{A02A9A75-D2D8-4EB2-9665-E5D84A44F483}.Release|Any CPU.Build.0 = Release|Any CPU
	EndGlobalSection
	GlobalSection(SolutionProperties) = preSolution
		HideSolutionNode = FALSE
	EndGlobalSection
	GlobalSection(ExtensibilityGlobals) = postSolution
		SolutionGuid = {B0CA9A7B-2387-4E30-A485-F2646D2D7C17}
	EndGlobalSection
EndGlobal
